{
    "requires": true,
    "lockfileVersion": 1,
    "dependencies": {
        "@abraham/reflection": {
            "version": "0.3.0",
            "resolved": "https://registry.npmjs.org/@abraham/reflection/-/reflection-0.3.0.tgz",
            "integrity": "sha512-TfB0ij6gy/XTHh///X9AiWX0f4dYO/ed3fV2oGf6hwapi3qC4sJMXok5mH1HdXr6OQkiC6VrVSfB7+5DSQDaow=="
        },
        "@nutmeg/seed": {
            "version": "0.13.0",
            "resolved": "https://registry.npmjs.org/@nutmeg/seed/-/seed-0.13.0.tgz",
            "integrity": "sha512-63Y3y1qcN5okR096IzXAH7jN65vzVGsKaHjID1t4ZcZxIcGIKIj2cGAOWOlmYB5vFGzXBhQWk3dhZ52ytdqRyQ==",
            "requires": {
                "@abraham/reflection": "0.3.0",
                "lit-html": "0.10.2"
            }
        },
        "lit-html": {
            "version": "0.10.2",
            "resolved": "https://registry.npmjs.org/lit-html/-/lit-html-0.10.2.tgz",
            "integrity": "sha512-ue0pIX3Fj5gUsNSozdRQIb1MAgNqFQsHgvHE/FU34xyu9NN/af3EISr7Bb+vP9YeLXIA4vLLOoYp2Z22dVYhww=="
        },
        "punycode": {
            "version": "1.4.1",
            "resolved": "https://registry.npmjs.org/punycode/-/punycode-1.4.1.tgz",
            "integrity": "sha1-wNWmOycYgArY4esPpSachN1BhF4="
        },
        "twitter-d": {
            "version": "0.1.1",
            "resolved": "https://registry.npmjs.org/twitter-d/-/twitter-d-0.1.1.tgz",
            "integrity": "sha512-L7Pdusqx9kgLW08FHUTYUnPp75pdF9/xPZAFklPQheVDgRPrJAngjXMGsZivC/seWMGLpoVF1MGiGk9tWtS3OA=="
        },
        "twitter-status": {
            "version": "0.4.1",
            "resolved": "https://registry.npmjs.org/twitter-status/-/twitter-status-0.4.1.tgz",
            "integrity": "sha512-ro6+qJLmQ+OxYNAXHMXBL84tpyOmQ8Sk2uZQ+gzu4bvjaQEoZ7tIXxGz6hmuGK7dA0S8bA1QK8UoBmX7NxyjaA==",
            "requires": {
                "@nutmeg/seed": "0.13.0",
                "lit-html": "0.10.2",
                "twitter-d": "0.1.1",
                "twitter-text": "2.0.4"
            }
        },
        "twitter-text": {
            "version": "2.0.4",
            "resolved": "https://registry.npmjs.org/twitter-text/-/twitter-text-2.0.4.tgz",
            "integrity": "sha512-SUNLKjvp2RXUeNRZR/k5kH6DXcwWFhqdorbz6MZTuASsPRnSl1uG8IVmjlnS2d4iMbIjDa5jrOd3kvfTfXEdSg==",
            "requires": {
                "punycode": "1.4.1"
            }
        }
    }
}
